
Microsoft Visual Studio Solution File, Format Version 12.00
# Visual Studio Version 17
VisualStudioVersion = 17.5.33516.290
MinimumVisualStudioVersion = 10.0.40219.1
Project("{FAE04EC0-301F-11D3-BF4B-00C04F79EFBC}") = "LQPOS", "LQPOS\LQPOS.csproj", "{9932F412-A3EE-4785-BECE-3D9499DE51AA}"
EndProject
Project("{FAE04EC0-301F-11D3-BF4B-00C04F79EFBC}") = "LQPOS.tests", "LQPOS.tests\LQPOS.tests.csproj", "{357763C8-3985-4521-B519-D4B218C64A7E}"
EndProject
Global
	GlobalSection(SolutionConfigurationPlatforms) = preSolution
		Debug|Any CPU = Debug|Any CPU
		Release|Any CPU = Release|Any CPU
	EndGlobalSection
	GlobalSection(ProjectConfigurationPlatforms) = postSolution
		{9932F412-A3EE-4785-BECE-3D9499DE51AA}.Debug|Any CPU.ActiveCfg = Debug|Any CPU
		{9932F412-A3EE-4785-BECE-3D9499DE51AA}.Debug|Any CPU.Build.0 = Debug|Any CPU
		{9932F412-A3EE-4785-BECE-3D9499DE51AA}.Release|Any CPU.ActiveCfg = Release|Any CPU
		{9932F412-A3EE-4785-BECE-3D9499DE51AA}.Release|Any CPU.Build.0 = Release|Any CPU
		{357763C8-3985-4521-B519-D4B218C64A7E}.Debug|Any CPU.ActiveCfg = Debug|Any CPU
		{357763C8-3985-4521-B519-D4B218C64A7E}.Debug|Any CPU.Build.0 = Debug|Any CPU
		{357763C8-3985-4521-B519-D4B218C64A7E}.Release|Any CPU.ActiveCfg = Release|Any CPU
		{357763C8-3985-4521-B519-D4B218C64A7E}.Release|Any CPU.Build.0 = Release|Any CPU
	EndGlobalSection
	GlobalSection(SolutionProperties) = preSolution
		HideSolutionNode = FALSE
	EndGlobalSection
	GlobalSection(ExtensibilityGlobals) = postSolution
		SolutionGuid = {A4B6A02B-458F-442D-AC33-78DE0C79E0B0}
	EndGlobalSection
EndGlobal
